
Microsoft Visual Studio Solution File, Format Version 12.00
# Visual Studio Version 17
VisualStudioVersion = 17.1.32210.238
MinimumVisualStudioVersion = 10.0.40219.1
Project("{FAE04EC0-301F-11D3-BF4B-00C04F79EFBC}") = "modul3_1302204110", "modul3_1302204110\modul3_1302204110.csproj", "{ECE9E3A4-B355-405F-BFE0-4AC43E298023}"
EndProject
Global
	GlobalSection(SolutionConfigurationPlatforms) = preSolution
		Debug|Any CPU = Debug|Any CPU
		Release|Any CPU = Release|Any CPU
	EndGlobalSection
	GlobalSection(ProjectConfigurationPlatforms) = postSolution
		{ECE9E3A4-B355-405F-BFE0-4AC43E298023}.Debug|Any CPU.ActiveCfg = Debug|Any CPU
		{ECE9E3A4-B355-405F-BFE0-4AC43E298023}.Debug|Any CPU.Build.0 = Debug|Any CPU
		{ECE9E3A4-B355-405F-BFE0-4AC43E298023}.Release|Any CPU.ActiveCfg = Release|Any CPU
		{ECE9E3A4-B355-405F-BFE0-4AC43E298023}.Release|Any CPU.Build.0 = Release|Any CPU
	EndGlobalSection
	GlobalSection(SolutionProperties) = preSolution
		HideSolutionNode = FALSE
	EndGlobalSection
	GlobalSection(ExtensibilityGlobals) = postSolution
		SolutionGuid = {5DF676C9-A35C-482E-BEA2-8BAEB379EB87}
	EndGlobalSection
EndGlobal
